# This file is autogenerated, do not edit; changes may be undone by the next 'dep ensure'.


[[projects]]
  digest = "1:69b1cc331fca23d702bd72f860c6a647afd0aa9fcbc1d0659b1365e26546dd70"
  name = "github.com/Sirupsen/logrus"
  packages = ["."]
  pruneopts = "UT"
  revision = "bcd833dfe83d3cebad139e4a29ed79cb2318bf95"
  version = "v1.2.0"

[[projects]]
  digest = "1:e54ce616cefac1ccc02047e14c74c56d5727ef6b2b8f373cc8232228a3d18f25"
  name = "github.com/aws/aws-sdk-go"
  packages = [
    "aws",
    "aws/awserr",
    "aws/awsutil",
    "aws/client",
    "aws/client/metadata",
    "aws/corehandlers",
    "aws/credentials",
    "aws/credentials/ec2rolecreds",
    "aws/credentials/endpointcreds",
    "aws/credentials/processcreds",
    "aws/credentials/stscreds",
    "aws/csm",
    "aws/defaults",
    "aws/ec2metadata",
    "aws/endpoints",
    "aws/request",
    "aws/session",
    "aws/signer/v4",
    "internal/ini",
    "internal/s3err",
    "internal/sdkio",
    "internal/sdkrand",
    "internal/sdkuri",
    "internal/shareddefaults",
    "private/protocol",
    "private/protocol/eventstream",
    "private/protocol/eventstream/eventstreamapi",
    "private/protocol/query",
    "private/protocol/query/queryutil",
    "private/protocol/rest",
    "private/protocol/restxml",
    "private/protocol/xml/xmlutil",
    "service/s3",
    "service/sts",
  ]
  pruneopts = "UT"
  revision = "1fae280bf2fb990480b751e0ba0d2428548c98b6"
  version = "v1.16.12"

[[projects]]
  digest = "1:1011ca7199565b8da83d9b0a52f9df6468dedf9acf765665dd0f75fd7d0f4e9c"
  name = "github.com/b3bas/b3bas-up"
  packages = ["src/config"]
  pruneopts = "UT"
  revision = "5ec6c2a11d2e3e57198b3e5e0378d10ee2a2906f"
  version = "0.1"

[[projects]]
  digest = "1:8a69e667891a3d2da859fd278eaa105f0ff0d415cf44b473d36937bf8d3b6f8e"
  name = "github.com/b3bas/grace"
  packages = ["."]
  pruneopts = "UT"
  revision = "21ff1a8c566916ce85abbde2710b5cc2e253b2eb"
  version = "1.0"

[[projects]]
  branch = "master"
  digest = "1:0fa56faf93f0adc7d981551654a0b65ae68cdb0879e6b0c99858aee7100d87df"
  name = "github.com/dimiro1/banner"
  packages = [
    ".",
    "autoload",
  ]
  pruneopts = "UT"
  revision = "c2f858997d49ffd03f84818bef3c25c2fcc67e16"

[[projects]]
  digest = "1:bb81097a5b62634f3e9fec1014657855610c82d19b9a40c17612e32651e35dca"
  name = "github.com/jmespath/go-jmespath"
  packages = ["."]
  pruneopts = "UT"
  revision = "c2b33e84"

[[projects]]
  digest = "1:aaa8e0e7e35d92e21daed3f241832cee73d15ca1cd3302ba3843159a959a7eac"
  name = "github.com/klauspost/compress"
  packages = [
    "flate",
    "gzip",
    "zlib",
  ]
  pruneopts = "UT"
  revision = "30be6041bed523c18e269a700ebd9c2ea9328574"
  version = "v1.4.1"

[[projects]]
  digest = "1:2d643962fac133904694fffa959bc3c5dcfdcee38c6f5ffdd99a3c93eb9c835c"
  name = "github.com/klauspost/cpuid"
  packages = ["."]
  pruneopts = "UT"
  revision = "e7e905edc00ea8827e58662220139109efea09db"
  version = "v1.2.0"

[[projects]]
  digest = "1:0a69a1c0db3591fcefb47f115b224592c8dfa4368b7ba9fae509d5e16cdc95c8"
  name = "github.com/konsorten/go-windows-terminal-sequences"
  packages = ["."]
  pruneopts = "UT"
  revision = "5c8c8bd35d3832f5d134ae1e1e375b69a4d25242"
  version = "v1.0.1"

[[projects]]
  digest = "1:e1e29f200afc15a8c28ebb971e537d5f38c036df0fc4cba32ddd309f6cc7c347"
  name = "github.com/mattn/go-colorable"
  packages = ["."]
  pruneopts = "UT"
  revision = "9cbef7c35391cca05f15f8181dc0b18bc9736dbb"

[[projects]]
  digest = "1:abab8af2b6f41d6bcd8abf752b22aa0d4b40a9b0aa3f01186a695cf9a67d1fad"
  name = "github.com/mattn/go-isatty"
  packages = ["."]
  pruneopts = "UT"
  revision = "56b76bdf51f7708750eac80fa38b952bb9f32639"

[[projects]]
  digest = "1:69b1cc331fca23d702bd72f860c6a647afd0aa9fcbc1d0659b1365e26546dd70"
  name = "github.com/sirupsen/logrus"
  packages = ["."]
  pruneopts = "UT"
  revision = "bcd833dfe83d3cebad139e4a29ed79cb2318bf95"
  version = "v1.2.0"

[[projects]]
  digest = "1:c468422f334a6b46a19448ad59aaffdfc0a36b08fdcc1c749a0b29b6453d7e59"
  name = "github.com/valyala/bytebufferpool"
  packages = ["."]
  pruneopts = "UT"
  revision = "e746df99fe4a3986f4d4f79e13c1e0117ce9c2f7"
  version = "v1.0.0"

[[projects]]
  digest = "1:6301ec20b1f40ce8463de7ad70ce75e6dce197bae76cb129c2cfdf4ec53ca62a"
  name = "github.com/valyala/fasthttp"
  packages = [
    ".",
    "fasthttputil",
    "reuseport",
    "stackless",
  ]
  pruneopts = "UT"
  revision = "e5f51c11919d4f66400334047b897ef0a94c6f3c"
  version = "v20180529"

[[projects]]
  branch = "master"
  digest = "1:8507835fade46d48a94828b351e1f8fb83df1aa65ba1e67c9493b0a1b47abc73"
  name = "github.com/valyala/tcplisten"
  packages = ["."]
  pruneopts = "UT"
  revision = "ceec8f93295a060cdb565ec25e4ccf17941dbd55"

[[projects]]
  branch = "master"
  digest = "1:38f553aff0273ad6f367cb0a0f8b6eecbaef8dc6cb8b50e57b6a81c1d5b1e332"
  name = "golang.org/x/crypto"
  packages = ["ssh/terminal"]
  pruneopts = "UT"
  revision = "8d7daa0c54b357f3071e11eaef7efc4e19a417e2"

[[projects]]
  branch = "master"
  digest = "1:191cccd950a4aeadb60306062f2bdc2f924d750d0156ec6c691b17211bfd7349"
  name = "golang.org/x/sys"
  packages = [
    "unix",
    "windows",
  ]
  pruneopts = "UT"
  revision = "82a175fd1598e8a172e58ebdf5ed262bb29129e5"

[[projects]]
  digest = "1:38cb4759428493e0b02eade2f8d2920eb55a8fb35acb45de3247f0fbeab81b78"
  name = "gopkg.in/gcfg.v1"
  packages = [
    ".",
    "scanner",
    "token",
    "types",
  ]
  pruneopts = "UT"
  revision = "61b2c08bc8f6068f7c5ca684372f9a6cb1c45ebe"
  version = "v1.2.3"

[[projects]]
  digest = "1:43b8a34f6390d8fbdcfd300ed52103064e9eaaecc7e50b7e3518fe246ebe8403"
  name = "gopkg.in/tylerb/graceful.v1"
  packages = ["."]
  pruneopts = "UT"
  revision = "4654dfbb6ad53cb5e27f37d99b02e16c1872fbbb"
  version = "v1.2.15"

[[projects]]
  digest = "1:78d374b493e747afa9fbb2119687e3740a7fb8d0ebabddfef0a012593aaecbb3"
  name = "gopkg.in/warnings.v0"
  packages = ["."]
  pruneopts = "UT"
  revision = "ec4a0fea49c7b46c2aeb0b51aac55779c607e52b"
  version = "v0.1.2"

[solve-meta]
  analyzer-name = "dep"
  analyzer-version = 1
  input-imports = [
    "github.com/Sirupsen/logrus",
    "github.com/aws/aws-sdk-go/aws",
    "github.com/aws/aws-sdk-go/aws/credentials",
    "github.com/aws/aws-sdk-go/aws/session",
    "github.com/aws/aws-sdk-go/service/s3",
    "github.com/b3bas/b3bas-up/src/config",
    "github.com/b3bas/grace",
    "github.com/dimiro1/banner",
    "github.com/dimiro1/banner/autoload",
    "github.com/mattn/go-colorable",
    "github.com/sirupsen/logrus",
    "gopkg.in/gcfg.v1",
  ]
  solver-name = "gps-cdcl"
  solver-version = 1
